
Microsoft Visual Studio Solution File, Format Version 12.00
Project("{FAE04EC0-301F-11D3-BF4B-00C04F79EFBC}") = "ModbusRtuTest", "ModbusRtuTest\ModbusRtuTest.csproj", "{31D0C344-AF92-499C-84C3-1A013294CD4F}"
EndProject
Global
	GlobalSection(SolutionConfigurationPlatforms) = preSolution
		Debug|Any CPU = Debug|Any CPU
		Release|Any CPU = Release|Any CPU
	EndGlobalSection
	GlobalSection(ProjectConfigurationPlatforms) = postSolution
		{31D0C344-AF92-499C-84C3-1A013294CD4F}.Debug|Any CPU.ActiveCfg = Debug|Any CPU
		{31D0C344-AF92-499C-84C3-1A013294CD4F}.Debug|Any CPU.Build.0 = Debug|Any CPU
		{31D0C344-AF92-499C-84C3-1A013294CD4F}.Release|Any CPU.ActiveCfg = Release|Any CPU
		{31D0C344-AF92-499C-84C3-1A013294CD4F}.Release|Any CPU.Build.0 = Release|Any CPU
	EndGlobalSection
EndGlobal
